
Microsoft Visual Studio Solution File, Format Version 12.00
# Visual Studio 15
VisualStudioVersion = 15.0.28010.2036
MinimumVisualStudioVersion = 10.0.40219.1
Project("{FAE04EC0-301F-11D3-BF4B-00C04F79EFBC}") = "ServiceLibrary", "Test\ServiceLibrary.csproj", "{33304A02-E154-4C1B-9F09-D2A024C77434}"
EndProject
Project("{FAE04EC0-301F-11D3-BF4B-00C04F79EFBC}") = "ServiceHost", "ServiceHost\ServiceHost.csproj", "{D6747A31-10F4-46ED-8E7D-78481F93E3D1}"
EndProject
Global
	GlobalSection(SolutionConfigurationPlatforms) = preSolution
		Debug|Any CPU = Debug|Any CPU
		Release|Any CPU = Release|Any CPU
	EndGlobalSection
	GlobalSection(ProjectConfigurationPlatforms) = postSolution
		{33304A02-E154-4C1B-9F09-D2A024C77434}.Debug|Any CPU.ActiveCfg = Debug|Any CPU
		{33304A02-E154-4C1B-9F09-D2A024C77434}.Debug|Any CPU.Build.0 = Debug|Any CPU
		{33304A02-E154-4C1B-9F09-D2A024C77434}.Release|Any CPU.ActiveCfg = Release|Any CPU
		{33304A02-E154-4C1B-9F09-D2A024C77434}.Release|Any CPU.Build.0 = Release|Any CPU
		{D6747A31-10F4-46ED-8E7D-78481F93E3D1}.Debug|Any CPU.ActiveCfg = Debug|Any CPU
		{D6747A31-10F4-46ED-8E7D-78481F93E3D1}.Debug|Any CPU.Build.0 = Debug|Any CPU
		{D6747A31-10F4-46ED-8E7D-78481F93E3D1}.Release|Any CPU.ActiveCfg = Release|Any CPU
		{D6747A31-10F4-46ED-8E7D-78481F93E3D1}.Release|Any CPU.Build.0 = Release|Any CPU
	EndGlobalSection
	GlobalSection(SolutionProperties) = preSolution
		HideSolutionNode = FALSE
	EndGlobalSection
	GlobalSection(ExtensibilityGlobals) = postSolution
		SolutionGuid = {9E3A0AA7-733B-497E-8D8A-432DEF2E26D9}
	EndGlobalSection
EndGlobal
